{
  "nodes": {
    "nixpkgs": {
      "locked": {
        "lastModified": 1740603184,
        "narHash": "sha256-t+VaahjQAWyA+Ctn2idyo1yxRIYpaDxMgHkgCNiMJa4=",
        "owner": "NixOS",
        "repo": "nixpkgs",
        "rev": "f44bd8ca21e026135061a0a57dcf3d0775b67a49",
        "type": "github"
      },
      "original": {
        "owner": "NixOS",
        "ref": "nixos-24.11",
        "repo": "nixpkgs",
        "type": "github"
      }
    },
    "root": {
      "inputs": {
        "nixpkgs": "nixpkgs",
        "selfup": "selfup"
      }
    },
    "selfup": {
      "inputs": {
        "nixpkgs": [
          "nixpkgs"
        ]
      },
      "locked": {
        "lastModified": 1733754336,
        "narHash": "sha256-Sy4LfPXqa2CKnySCFTLMwU5mSKxKOdeC52Yjoomcbvs=",
        "owner": "kachick",
        "repo": "selfup",
        "rev": "ecb158813e7ade0a2e9b88b186460d052a906f20",
        "type": "github"
      },
      "original": {
        "owner": "kachick",
        "ref": "v1.1.8",
        "repo": "selfup",
        "type": "github"
      }
    }
  },
  "root": "root",
  "version": 7
}
